{
  "name": "lgb-trsc",
  "lockfileVersion": 3,
  "requires": true,
  "packages": {
    "": {
      "dependencies": {
        "@mdi/js": "^7.4.47"
      },
      "devDependencies": {
        "lefthook": "^1.9.2"
      }
    },
    "node_modules/@mdi/js": {
      "version": "7.4.47",
      "resolved": "https://registry.npmjs.org/@mdi/js/-/js-7.4.47.tgz",
      "integrity": "sha512-KPnNOtm5i2pMabqZxpUz7iQf+mfrYZyKCZ8QNz85czgEt7cuHcGorWfdzUMWYA0SD+a6Hn4FmJ+YhzzzjkTZrQ==",
      "license": "Apache-2.0"
    },
    "node_modules/lefthook": {
      "version": "1.9.2",
      "dev": true,
      "hasInstallScript": true,
      "license": "MIT",
      "bin": {
        "lefthook": "bin/index.js"
      },
      "optionalDependencies": {
        "lefthook-darwin-arm64": "1.9.2",
        "lefthook-darwin-x64": "1.9.2",
        "lefthook-freebsd-arm64": "1.9.2",
        "lefthook-freebsd-x64": "1.9.2",
        "lefthook-linux-arm64": "1.9.2",
        "lefthook-linux-x64": "1.9.2",
        "lefthook-openbsd-arm64": "1.9.2",
        "lefthook-openbsd-x64": "1.9.2",
        "lefthook-windows-arm64": "1.9.2",
        "lefthook-windows-x64": "1.9.2"
      }
    },
    "node_modules/lefthook-darwin-arm64": {
      "version": "1.9.2",
      "cpu": [
        "arm64"
      ],
      "dev": true,
      "license": "MIT",
      "optional": true,
      "os": [
        "darwin"
      ]
    }
  }
}
